
Microsoft Visual Studio Solution File, Format Version 12.00
# Visual Studio Version 17
VisualStudioVersion = 17.9.34728.123
MinimumVisualStudioVersion = 10.0.40219.1
Project("{FAE04EC0-301F-11D3-BF4B-00C04F79EFBC}") = "Calculadora.WinApp", "Calculadora.WinApp\Calculadora.WinApp.csproj", "{16CCF85D-0333-4F11-AA0F-57E33BA64865}"
EndProject
Global
	GlobalSection(SolutionConfigurationPlatforms) = preSolution
		Debug|Any CPU = Debug|Any CPU
		Release|Any CPU = Release|Any CPU
	EndGlobalSection
	GlobalSection(ProjectConfigurationPlatforms) = postSolution
		{16CCF85D-0333-4F11-AA0F-57E33BA64865}.Debug|Any CPU.ActiveCfg = Debug|Any CPU
		{16CCF85D-0333-4F11-AA0F-57E33BA64865}.Debug|Any CPU.Build.0 = Debug|Any CPU
		{16CCF85D-0333-4F11-AA0F-57E33BA64865}.Release|Any CPU.ActiveCfg = Release|Any CPU
		{16CCF85D-0333-4F11-AA0F-57E33BA64865}.Release|Any CPU.Build.0 = Release|Any CPU
	EndGlobalSection
	GlobalSection(SolutionProperties) = preSolution
		HideSolutionNode = FALSE
	EndGlobalSection
	GlobalSection(ExtensibilityGlobals) = postSolution
		SolutionGuid = {C0E1EB6A-3A10-4A02-9B00-913BA4F17646}
	EndGlobalSection
EndGlobal
